
Microsoft Visual Studio Solution File, Format Version 12.00
# Visual Studio Version 17
VisualStudioVersion = 17.1.32328.378
MinimumVisualStudioVersion = 10.0.40219.1
Project("{FAE04EC0-301F-11D3-BF4B-00C04F79EFBC}") = "AspNetCoreUseMediatR", "AspNetCoreUseMediatR\AspNetCoreUseMediatR.csproj", "{8C2C92E7-9E0B-44C8-AF23-48F97DF148A6}"
EndProject
Project("{FAE04EC0-301F-11D3-BF4B-00C04F79EFBC}") = "Domain", "Domain\Domain.csproj", "{BF794F95-3D7D-4E18-9918-DC4257DD3E71}"
EndProject
Global
	GlobalSection(SolutionConfigurationPlatforms) = preSolution
		Debug|Any CPU = Debug|Any CPU
		Release|Any CPU = Release|Any CPU
	EndGlobalSection
	GlobalSection(ProjectConfigurationPlatforms) = postSolution
		{8C2C92E7-9E0B-44C8-AF23-48F97DF148A6}.Debug|Any CPU.ActiveCfg = Debug|Any CPU
		{8C2C92E7-9E0B-44C8-AF23-48F97DF148A6}.Debug|Any CPU.Build.0 = Debug|Any CPU
		{8C2C92E7-9E0B-44C8-AF23-48F97DF148A6}.Release|Any CPU.ActiveCfg = Release|Any CPU
		{8C2C92E7-9E0B-44C8-AF23-48F97DF148A6}.Release|Any CPU.Build.0 = Release|Any CPU
		{BF794F95-3D7D-4E18-9918-DC4257DD3E71}.Debug|Any CPU.ActiveCfg = Debug|Any CPU
		{BF794F95-3D7D-4E18-9918-DC4257DD3E71}.Debug|Any CPU.Build.0 = Debug|Any CPU
		{BF794F95-3D7D-4E18-9918-DC4257DD3E71}.Release|Any CPU.ActiveCfg = Release|Any CPU
		{BF794F95-3D7D-4E18-9918-DC4257DD3E71}.Release|Any CPU.Build.0 = Release|Any CPU
	EndGlobalSection
	GlobalSection(SolutionProperties) = preSolution
		HideSolutionNode = FALSE
	EndGlobalSection
	GlobalSection(ExtensibilityGlobals) = postSolution
		SolutionGuid = {B9B30814-7438-4ACB-8468-4F43B62D0418}
	EndGlobalSection
EndGlobal
